
Microsoft Visual Studio Solution File, Format Version 12.00
# Visual Studio 15
VisualStudioVersion = 15.0.28307.329
MinimumVisualStudioVersion = 10.0.40219.1
Project("{FAE04EC0-301F-11D3-BF4B-00C04F79EFBC}") = "camcontrolui", "camcontrolui\camcontrolui.csproj", "{EA87D66B-292C-4757-86C9-D09B1FFC7849}"
EndProject
Global
	GlobalSection(SolutionConfigurationPlatforms) = preSolution
		Debug|Any CPU = Debug|Any CPU
		Release|Any CPU = Release|Any CPU
	EndGlobalSection
	GlobalSection(ProjectConfigurationPlatforms) = postSolution
		{EA87D66B-292C-4757-86C9-D09B1FFC7849}.Debug|Any CPU.ActiveCfg = Debug|Any CPU
		{EA87D66B-292C-4757-86C9-D09B1FFC7849}.Debug|Any CPU.Build.0 = Debug|Any CPU
		{EA87D66B-292C-4757-86C9-D09B1FFC7849}.Release|Any CPU.ActiveCfg = Release|Any CPU
		{EA87D66B-292C-4757-86C9-D09B1FFC7849}.Release|Any CPU.Build.0 = Release|Any CPU
	EndGlobalSection
	GlobalSection(SolutionProperties) = preSolution
		HideSolutionNode = FALSE
	EndGlobalSection
	GlobalSection(ExtensibilityGlobals) = postSolution
		SolutionGuid = {E71EF7DE-1662-4818-A252-90CC9F69B254}
	EndGlobalSection
EndGlobal
